Microsoft Visual Studio Solution File, Format Version 12.00
# Visual Studio Version 17
VisualStudioVersion = 17.5.2.0
MinimumVisualStudioVersion = 10.0.40219.1
Project("{FAE04EC0-301F-11D3-BF4B-00C04F79EFBC}") = "Lesson03_Loops", "Lesson03_Loops.csproj", "{9DFEA124-FDD3-4E0B-67C9-684E401338DA}"
EndProject
Global
	GlobalSection(SolutionConfigurationPlatforms) = preSolution
		Debug|Any CPU = Debug|Any CPU
		Release|Any CPU = Release|Any CPU
	EndGlobalSection
	GlobalSection(ProjectConfigurationPlatforms) = postSolution
		{9DFEA124-FDD3-4E0B-67C9-684E401338DA}.Debug|Any CPU.ActiveCfg = Debug|Any CPU
		{9DFEA124-FDD3-4E0B-67C9-684E401338DA}.Debug|Any CPU.Build.0 = Debug|Any CPU
		{9DFEA124-FDD3-4E0B-67C9-684E401338DA}.Release|Any CPU.ActiveCfg = Release|Any CPU
		{9DFEA124-FDD3-4E0B-67C9-684E401338DA}.Release|Any CPU.Build.0 = Release|Any CPU
	EndGlobalSection
	GlobalSection(SolutionProperties) = preSolution
		HideSolutionNode = FALSE
	EndGlobalSection
	GlobalSection(ExtensibilityGlobals) = postSolution
		SolutionGuid = {1CF3E4D9-518A-4D3B-9BB7-1BE3C71C3450}
	EndGlobalSection
EndGlobal
